
Microsoft Visual Studio Solution File, Format Version 12.00
# Visual Studio Version 16
VisualStudioVersion = 16.0.30907.101
MinimumVisualStudioVersion = 10.0.40219.1
Project("{9A19103F-16F7-4668-BE54-9A1E7A4F7556}") = "KampIntro", "KampIntro\KampIntro.csproj", "{0C1214A2-7BC1-45F7-9610-09363C10BF44}"
EndProject
Project("{9A19103F-16F7-4668-BE54-9A1E7A4F7556}") = "Donguler", "Donguler\Donguler.csproj", "{082B9E75-4F6A-4473-B7DF-151B43D23E3E}"
EndProject
Project("{9A19103F-16F7-4668-BE54-9A1E7A4F7556}") = "ClassIntro", "ClassIntro\ClassIntro.csproj", "{EB466C0E-6A32-45BB-9CBE-1602DA342C44}"
EndProject
Project("{9A19103F-16F7-4668-BE54-9A1E7A4F7556}") = "Odev - Day 2", "Odev\Odev - Day 2.csproj", "{E0CC08FC-FD9D-4EAA-87E6-725DEBBFC76F}"
EndProject
Project("{9A19103F-16F7-4668-BE54-9A1E7A4F7556}") = "Metotlar", "Metotlar\Metotlar.csproj", "{118C3F64-EF04-4497-8109-729F578C83F2}"
EndProject
Project("{9A19103F-16F7-4668-BE54-9A1E7A4F7556}") = "Matematik", "Matematik\Matematik.csproj", "{3CBE3A5F-1457-4946-B660-5716F9EF80C6}"
EndProject
Project("{9A19103F-16F7-4668-BE54-9A1E7A4F7556}") = "DegerVeReferansTipler", "DegerVeReferansTipler\DegerVeReferansTipler.csproj", "{477598EE-2ED1-44A4-A8AB-0FEBF0DE999B}"
EndProject
Project("{9A19103F-16F7-4668-BE54-9A1E7A4F7556}") = "OOP1", "OOP1\OOP1.csproj", "{BD522DF5-27E4-46B9-8A80-C21204DECC0B}"
EndProject
Project("{9A19103F-16F7-4668-BE54-9A1E7A4F7556}") = "Collections", "Collections\Collections.csproj", "{8284E45C-B405-4109-8335-6180C47B01FD}"
EndProject
Project("{9A19103F-16F7-4668-BE54-9A1E7A4F7556}") = "GenericsIntro", "GenericsIntro\GenericsIntro.csproj", "{801A1D6A-D6B4-4F28-9BED-721470C70525}"
EndProject
Project("{9A19103F-16F7-4668-BE54-9A1E7A4F7556}") = "ReferenceTypes", "ReferenceTypes\ReferenceTypes.csproj", "{D514B81F-964D-4A09-9250-BE363BE31B29}"
EndProject
Project("{9A19103F-16F7-4668-BE54-9A1E7A4F7556}") = "Constructors", "Constructors\Constructors.csproj", "{8B82AD1E-4073-460A-AC49-B326B276DF27}"
EndProject
Project("{9A19103F-16F7-4668-BE54-9A1E7A4F7556}") = "Generics", "Generics\Generics.csproj", "{EE816233-7872-4C8F-B6B5-8DAA429B474B}"
EndProject
Project("{9A19103F-16F7-4668-BE54-9A1E7A4F7556}") = "Oop2", "Oop2\Oop2.csproj", "{F9BC333B-7C56-4EC2-844A-8C1A974F3D53}"
EndProject
Project("{9A19103F-16F7-4668-BE54-9A1E7A4F7556}") = "OOP3", "OOP3\OOP3.csproj", "{A154245E-0AC6-478F-91A5-DCCB72C512EE}"
EndProject
Project("{9A19103F-16F7-4668-BE54-9A1E7A4F7556}") = "Classes", "Classes\Classes.csproj", "{8666C185-BAE5-487F-96AF-EF1B947866EB}"
EndProject
Project("{FAE04EC0-301F-11D3-BF4B-00C04F79EFBC}") = "RecapDemo", "RecapDemo\RecapDemo.csproj", "{DE7F0AE5-5343-4767-AB05-AA2401D8A261}"
EndProject
Project("{9A19103F-16F7-4668-BE54-9A1E7A4F7556}") = "Interfaces", "Interfaces\Interfaces.csproj", "{40F1AFBE-E4FF-4C4D-8CD4-9E4EC0B137EA}"
EndProject
Project("{FAE04EC0-301F-11D3-BF4B-00C04F79EFBC}") = "InterfacesDemo", "InterfacesDemo\InterfacesDemo.csproj", "{8816C722-5A19-4A47-80ED-2FD65B52ED0B}"
EndProject
Project("{FAE04EC0-301F-11D3-BF4B-00C04F79EFBC}") = "Inheritance", "Inheritance\Inheritance.csproj", "{CB543A2D-4D29-48F3-A5EC-DADEB9287089}"
EndProject
Global
	GlobalSection(SolutionConfigurationPlatforms) = preSolution
		Debug|Any CPU = Debug|Any CPU
		Release|Any CPU = Release|Any CPU
	EndGlobalSection
	GlobalSection(ProjectConfigurationPlatforms) = postSolution
		{0C1214A2-7BC1-45F7-9610-09363C10BF44}.Debug|Any CPU.ActiveCfg = Debug|Any CPU
		{0C1214A2-7BC1-45F7-9610-09363C10BF44}.Debug|Any CPU.Build.0 = Debug|Any CPU
		{0C1214A2-7BC1-45F7-9610-09363C10BF44}.Release|Any CPU.ActiveCfg = Release|Any CPU
		{0C1214A2-7BC1-45F7-9610-09363C10BF44}.Release|Any CPU.Build.0 = Release|Any CPU
		{082B9E75-4F6A-4473-B7DF-151B43D23E3E}.Debug|Any CPU.ActiveCfg = Debug|Any CPU
		{082B9E75-4F6A-4473-B7DF-151B43D23E3E}.Debug|Any CPU.Build.0 = Debug|Any CPU
		{082B9E75-4F6A-4473-B7DF-151B43D23E3E}.Release|Any CPU.ActiveCfg = Release|Any CPU
		{082B9E75-4F6A-4473-B7DF-151B43D23E3E}.Release|Any CPU.Build.0 = Release|Any CPU
		{EB466C0E-6A32-45BB-9CBE-1602DA342C44}.Debug|Any CPU.ActiveCfg = Debug|Any CPU
		{EB466C0E-6A32-45BB-9CBE-1602DA342C44}.Debug|Any CPU.Build.0 = Debug|Any CPU
		{EB466C0E-6A32-45BB-9CBE-1602DA342C44}.Release|Any CPU.ActiveCfg = Release|Any CPU
		{EB466C0E-6A32-45BB-9CBE-1602DA342C44}.Release|Any CPU.Build.0 = Release|Any CPU
		{E0CC08FC-FD9D-4EAA-87E6-725DEBBFC76F}.Debug|Any CPU.ActiveCfg = Debug|Any CPU
		{E0CC08FC-FD9D-4EAA-87E6-725DEBBFC76F}.Debug|Any CPU.Build.0 = Debug|Any CPU
		{E0CC08FC-FD9D-4EAA-87E6-725DEBBFC76F}.Release|Any CPU.ActiveCfg = Release|Any CPU
		{E0CC08FC-FD9D-4EAA-87E6-725DEBBFC76F}.Release|Any CPU.Build.0 = Release|Any CPU
		{118C3F64-EF04-4497-8109-729F578C83F2}.Debug|Any CPU.ActiveCfg = Debug|Any CPU
		{118C3F64-EF04-4497-8109-729F578C83F2}.Debug|Any CPU.Build.0 = Debug|Any CPU
		{118C3F64-EF04-4497-8109-729F578C83F2}.Release|Any CPU.ActiveCfg = Release|Any CPU
		{118C3F64-EF04-4497-8109-729F578C83F2}.Release|Any CPU.Build.0 = Release|Any CPU
		{3CBE3A5F-1457-4946-B660-5716F9EF80C6}.Debug|Any CPU.ActiveCfg = Debug|Any CPU
		{3CBE3A5F-1457-4946-B660-5716F9EF80C6}.Debug|Any CPU.Build.0 = Debug|Any CPU
		{3CBE3A5F-1457-4946-B660-5716F9EF80C6}.Release|Any CPU.ActiveCfg = Release|Any CPU
		{3CBE3A5F-1457-4946-B660-5716F9EF80C6}.Release|Any CPU.Build.0 = Release|Any CPU
		{477598EE-2ED1-44A4-A8AB-0FEBF0DE999B}.Debug|Any CPU.ActiveCfg = Debug|Any CPU
		{477598EE-2ED1-44A4-A8AB-0FEBF0DE999B}.Debug|Any CPU.Build.0 = Debug|Any CPU
		{477598EE-2ED1-44A4-A8AB-0FEBF0DE999B}.Release|Any CPU.ActiveCfg = Release|Any CPU
		{477598EE-2ED1-44A4-A8AB-0FEBF0DE999B}.Release|Any CPU.Build.0 = Release|Any CPU
		{BD522DF5-27E4-46B9-8A80-C21204DECC0B}.Debug|Any CPU.ActiveCfg = Debug|Any CPU
		{BD522DF5-27E4-46B9-8A80-C21204DECC0B}.Debug|Any CPU.Build.0 = Debug|Any CPU
		{BD522DF5-27E4-46B9-8A80-C21204DECC0B}.Release|Any CPU.ActiveCfg = Release|Any CPU
		{BD522DF5-27E4-46B9-8A80-C21204DECC0B}.Release|Any CPU.Build.0 = Release|Any CPU
		{8284E45C-B405-4109-8335-6180C47B01FD}.Debug|Any CPU.ActiveCfg = Debug|Any CPU
		{8284E45C-B405-4109-8335-6180C47B01FD}.Debug|Any CPU.Build.0 = Debug|Any CPU
		{8284E45C-B405-4109-8335-6180C47B01FD}.Release|Any CPU.ActiveCfg = Release|Any CPU
		{8284E45C-B405-4109-8335-6180C47B01FD}.Release|Any CPU.Build.0 = Release|Any CPU
		{801A1D6A-D6B4-4F28-9BED-721470C70525}.Debug|Any CPU.ActiveCfg = Debug|Any CPU
		{801A1D6A-D6B4-4F28-9BED-721470C70525}.Debug|Any CPU.Build.0 = Debug|Any CPU
		{801A1D6A-D6B4-4F28-9BED-721470C70525}.Release|Any CPU.ActiveCfg = Release|Any CPU
		{801A1D6A-D6B4-4F28-9BED-721470C70525}.Release|Any CPU.Build.0 = Release|Any CPU
		{D514B81F-964D-4A09-9250-BE363BE31B29}.Debug|Any CPU.ActiveCfg = Debug|Any CPU
		{D514B81F-964D-4A09-9250-BE363BE31B29}.Debug|Any CPU.Build.0 = Debug|Any CPU
		{D514B81F-964D-4A09-9250-BE363BE31B29}.Release|Any CPU.ActiveCfg = Release|Any CPU
		{D514B81F-964D-4A09-9250-BE363BE31B29}.Release|Any CPU.Build.0 = Release|Any CPU
		{8B82AD1E-4073-460A-AC49-B326B276DF27}.Debug|Any CPU.ActiveCfg = Debug|Any CPU
		{8B82AD1E-4073-460A-AC49-B326B276DF27}.Debug|Any CPU.Build.0 = Debug|Any CPU
		{8B82AD1E-4073-460A-AC49-B326B276DF27}.Release|Any CPU.ActiveCfg = Release|Any CPU
		{8B82AD1E-4073-460A-AC49-B326B276DF27}.Release|Any CPU.Build.0 = Release|Any CPU
		{EE816233-7872-4C8F-B6B5-8DAA429B474B}.Debug|Any CPU.ActiveCfg = Debug|Any CPU
		{EE816233-7872-4C8F-B6B5-8DAA429B474B}.Debug|Any CPU.Build.0 = Debug|Any CPU
		{EE816233-7872-4C8F-B6B5-8DAA429B474B}.Release|Any CPU.ActiveCfg = Release|Any CPU
		{EE816233-7872-4C8F-B6B5-8DAA429B474B}.Release|Any CPU.Build.0 = Release|Any CPU
		{F9BC333B-7C56-4EC2-844A-8C1A974F3D53}.Debug|Any CPU.ActiveCfg = Debug|Any CPU
		{F9BC333B-7C56-4EC2-844A-8C1A974F3D53}.Debug|Any CPU.Build.0 = Debug|Any CPU
		{F9BC333B-7C56-4EC2-844A-8C1A974F3D53}.Release|Any CPU.ActiveCfg = Release|Any CPU
		{F9BC333B-7C56-4EC2-844A-8C1A974F3D53}.Release|Any CPU.Build.0 = Release|Any CPU
		{A154245E-0AC6-478F-91A5-DCCB72C512EE}.Debug|Any CPU.ActiveCfg = Debug|Any CPU
		{A154245E-0AC6-478F-91A5-DCCB72C512EE}.Debug|Any CPU.Build.0 = Debug|Any CPU
		{A154245E-0AC6-478F-91A5-DCCB72C512EE}.Release|Any CPU.ActiveCfg = Release|Any CPU
		{A154245E-0AC6-478F-91A5-DCCB72C512EE}.Release|Any CPU.Build.0 = Release|Any CPU
		{8666C185-BAE5-487F-96AF-EF1B947866EB}.Debug|Any CPU.ActiveCfg = Debug|Any CPU
		{8666C185-BAE5-487F-96AF-EF1B947866EB}.Debug|Any CPU.Build.0 = Debug|Any CPU
		{8666C185-BAE5-487F-96AF-EF1B947866EB}.Release|Any CPU.ActiveCfg = Release|Any CPU
		{8666C185-BAE5-487F-96AF-EF1B947866EB}.Release|Any CPU.Build.0 = Release|Any CPU
		{DE7F0AE5-5343-4767-AB05-AA2401D8A261}.Debug|Any CPU.ActiveCfg = Debug|Any CPU
		{DE7F0AE5-5343-4767-AB05-AA2401D8A261}.Debug|Any CPU.Build.0 = Debug|Any CPU
		{DE7F0AE5-5343-4767-AB05-AA2401D8A261}.Release|Any CPU.ActiveCfg = Release|Any CPU
		{DE7F0AE5-5343-4767-AB05-AA2401D8A261}.Release|Any CPU.Build.0 = Release|Any CPU
		{40F1AFBE-E4FF-4C4D-8CD4-9E4EC0B137EA}.Debug|Any CPU.ActiveCfg = Debug|Any CPU
		{40F1AFBE-E4FF-4C4D-8CD4-9E4EC0B137EA}.Debug|Any CPU.Build.0 = Debug|Any CPU
		{40F1AFBE-E4FF-4C4D-8CD4-9E4EC0B137EA}.Release|Any CPU.ActiveCfg = Release|Any CPU
		{40F1AFBE-E4FF-4C4D-8CD4-9E4EC0B137EA}.Release|Any CPU.Build.0 = Release|Any CPU
		{8816C722-5A19-4A47-80ED-2FD65B52ED0B}.Debug|Any CPU.ActiveCfg = Debug|Any CPU
		{8816C722-5A19-4A47-80ED-2FD65B52ED0B}.Debug|Any CPU.Build.0 = Debug|Any CPU
		{8816C722-5A19-4A47-80ED-2FD65B52ED0B}.Release|Any CPU.ActiveCfg = Release|Any CPU
		{8816C722-5A19-4A47-80ED-2FD65B52ED0B}.Release|Any CPU.Build.0 = Release|Any CPU
		{CB543A2D-4D29-48F3-A5EC-DADEB9287089}.Debug|Any CPU.ActiveCfg = Debug|Any CPU
		{CB543A2D-4D29-48F3-A5EC-DADEB9287089}.Debug|Any CPU.Build.0 = Debug|Any CPU
		{CB543A2D-4D29-48F3-A5EC-DADEB9287089}.Release|Any CPU.ActiveCfg = Release|Any CPU
		{CB543A2D-4D29-48F3-A5EC-DADEB9287089}.Release|Any CPU.Build.0 = Release|Any CPU
	EndGlobalSection
	GlobalSection(SolutionProperties) = preSolution
		HideSolutionNode = FALSE
	EndGlobalSection
	GlobalSection(ExtensibilityGlobals) = postSolution
		SolutionGuid = {2B714E52-8673-4410-9CE0-9F67E0EEFC98}
	EndGlobalSection
EndGlobal
